// !$*UTF8*$!
{
	archiveVersion = 1;
	classes = {
	};
	objectVersion = 77;
	objects = {

/* Begin PBXBuildFile section */
		8519B9082EB2E2FA00BDF0E2 /* AuthKey_S8S2CSHCZ7.p8 in Resources */ = {isa = PBXBuildFile; fileRef = 8519B9072EB2E2FA00BDF0E2 /* AuthKey_S8S2CSHCZ7.p8 */; };
		8556E90D2EBA23CF00205C50 /* GoogleService-Info-2.plist in Resources */ = {isa = PBXBuildFile; fileRef = 8556E90C2EBA23CE00205C50 /* GoogleService-Info-2.plist */; };
		857365972EAC8E3A00978438 /* WidgetKit.framework in Frameworks */ = {isa = PBXBuildFile; fileRef = 857365962EAC8E3800978438 /* WidgetKit.framework */; };
		857365992EAC8E3B00978438 /* SwiftUI.framework in Frameworks */ = {isa = PBXBuildFile; fileRef = 857365982EAC8E3B00978438 /* SwiftUI.framework */; };
		857365A82EAC8E5600978438 /* BranchrWidgetExtensionExtension.appex in Embed Foundation Extensions */ = {isa = PBXBuildFile; fileRef = 857365942EAC8E3600978438 /* BranchrWidgetExtensionExtension.appex */; settings = {ATTRIBUTES = (RemoveHeadersOnCopy, ); }; };
		85786DB42EBA0A4E00B1913B /* FirebaseAuth in Frameworks */ = {isa = PBXBuildFile; productRef = 85786DB32EBA0A4E00B1913B /* FirebaseAuth */; };
		85786DB62EBA0A4E00B1913B /* FirebaseCore in Frameworks */ = {isa = PBXBuildFile; productRef = 85786DB52EBA0A4E00B1913B /* FirebaseCore */; };
		85786DB82EBA0A4E00B1913B /* FirebaseFirestore in Frameworks */ = {isa = PBXBuildFile; productRef = 85786DB72EBA0A4E00B1913B /* FirebaseFirestore */; };
		85786DBA2EBA0A4E00B1913B /* FirebaseStorage in Frameworks */ = {isa = PBXBuildFile; productRef = 85786DB92EBA0A4E00B1913B /* FirebaseStorage */; };
		85CAD6762EA87104001D59AD /* branchrApp.swift in Sources */ = {isa = PBXBuildFile; fileRef = 85CAD6752EA87101001D59AD /* branchrApp.swift */; };
		85CAD6782EA87210001D59AD /* Assets.xcassets in Resources */ = {isa = PBXBuildFile; fileRef = 85CAD6772EA8720D001D59AD /* Assets.xcassets */; };
/* End PBXBuildFile section */

/* Begin PBXContainerItemProxy section */
		857365A62EAC8E5600978438 /* PBXContainerItemProxy */ = {
			isa = PBXContainerItemProxy;
			containerPortal = 85CAD6212EA86042001D59AD /* Project object */;
			proxyType = 1;
			remoteGlobalIDString = 857365932EAC8E3500978438;
			remoteInfo = BranchrWidgetExtensionExtension;
		};
		85CAD63B2EA8604C001D59AD /* PBXContainerItemProxy */ = {
			isa = PBXContainerItemProxy;
			containerPortal = 85CAD6212EA86042001D59AD /* Project object */;
			proxyType = 1;
			remoteGlobalIDString = 85CAD6282EA86043001D59AD;
			remoteInfo = branchr;
		};
		85CAD6452EA8604C001D59AD /* PBXContainerItemProxy */ = {
			isa = PBXContainerItemProxy;
			containerPortal = 85CAD6212EA86042001D59AD /* Project object */;
			proxyType = 1;
			remoteGlobalIDString = 85CAD6282EA86043001D59AD;
			remoteInfo = branchr;
		};
/* End PBXContainerItemProxy section */

/* Begin PBXCopyFilesBuildPhase section */
		857365AD2EAC8E5600978438 /* Embed Foundation Extensions */ = {
			isa = PBXCopyFilesBuildPhase;
			buildActionMask = 2147483647;
			dstPath = "";
			dstSubfolderSpec = 13;
			files = (
				857365A82EAC8E5600978438 /* BranchrWidgetExtensionExtension.appex in Embed Foundation Extensions */,
			);
			name = "Embed Foundation Extensions";
			runOnlyForDeploymentPostprocessing = 0;
		};
/* End PBXCopyFilesBuildPhase section */

/* Begin PBXFileReference section */
		8519B9022EB2ACB000BDF0E2 /* branchrDebug.entitlements */ = {isa = PBXFileReference; lastKnownFileType = text.plist.entitlements; name = branchrDebug.entitlements; path = branchr/branchrDebug.entitlements; sourceTree = "<group>"; };
		8519B9072EB2E2FA00BDF0E2 /* AuthKey_S8S2CSHCZ7.p8 */ = {isa = PBXFileReference; lastKnownFileType = text; path = AuthKey_S8S2CSHCZ7.p8; sourceTree = "<group>"; };
		8556E90C2EBA23CE00205C50 /* GoogleService-Info-2.plist */ = {isa = PBXFileReference; lastKnownFileType = text.plist.xml; path = "GoogleService-Info-2.plist"; sourceTree = "<group>"; };
		857365942EAC8E3600978438 /* BranchrWidgetExtensionExtension.appex */ = {isa = PBXFileReference; explicitFileType = "wrapper.app-extension"; includeInIndex = 0; path = BranchrWidgetExtensionExtension.appex; sourceTree = BUILT_PRODUCTS_DIR; };
		857365962EAC8E3800978438 /* WidgetKit.framework */ = {isa = PBXFileReference; lastKnownFileType = wrapper.framework; name = WidgetKit.framework; path = System/Library/Frameworks/WidgetKit.framework; sourceTree = SDKROOT; };
		857365982EAC8E3B00978438 /* SwiftUI.framework */ = {isa = PBXFileReference; lastKnownFileType = wrapper.framework; name = SwiftUI.framework; path = System/Library/Frameworks/SwiftUI.framework; sourceTree = SDKROOT; };
		857365B42EACC70A00978438 /* BranchrWidgetExtensionExtension.entitlements */ = {isa = PBXFileReference; lastKnownFileType = text.plist.entitlements; path = BranchrWidgetExtensionExtension.entitlements; sourceTree = "<group>"; };
		85CAD6292EA86043001D59AD /* branchr.app */ = {isa = PBXFileReference; explicitFileType = wrapper.application; includeInIndex = 0; path = branchr.app; sourceTree = BUILT_PRODUCTS_DIR; };
		85CAD63A2EA8604C001D59AD /* branchrTests.xctest */ = {isa = PBXFileReference; explicitFileType = wrapper.cfbundle; includeInIndex = 0; path = branchrTests.xctest; sourceTree = BUILT_PRODUCTS_DIR; };
		85CAD6442EA8604C001D59AD /* branchrUITests.xctest */ = {isa = PBXFileReference; explicitFileType = wrapper.cfbundle; includeInIndex = 0; path = branchrUITests.xctest; sourceTree = BUILT_PRODUCTS_DIR; };
		85CAD6752EA87101001D59AD /* branchrApp.swift */ = {isa = PBXFileReference; lastKnownFileType = sourcecode.swift; path = branchrApp.swift; sourceTree = "<group>"; };
		85CAD6772EA8720D001D59AD /* Assets.xcassets */ = {isa = PBXFileReference; lastKnownFileType = folder.assetcatalog; path = Assets.xcassets; sourceTree = "<group>"; };
		85FBF33D2EAEF18700EE1D76 /* Info.plist */ = {isa = PBXFileReference; lastKnownFileType = text.plist.xml; name = Info.plist; path = branchr/Info.plist; sourceTree = "<group>"; };
/* End PBXFileReference section */

/* Begin PBXFileSystemSynchronizedBuildFileExceptionSet section */
		857365A92EAC8E5600978438 /* Exceptions for "BranchrWidgetExtension" folder in "BranchrWidgetExtensionExtension" target */ = {
			isa = PBXFileSystemSynchronizedBuildFileExceptionSet;
			membershipExceptions = (
				Info.plist,
			);
			target = 857365932EAC8E3500978438 /* BranchrWidgetExtensionExtension */;
		};
/* End PBXFileSystemSynchronizedBuildFileExceptionSet section */

/* Begin PBXFileSystemSynchronizedRootGroup section */
		8573659A2EAC8E3B00978438 /* BranchrWidgetExtension */ = {
			isa = PBXFileSystemSynchronizedRootGroup;
			exceptions = (
				857365A92EAC8E5600978438 /* Exceptions for "BranchrWidgetExtension" folder in "BranchrWidgetExtensionExtension" target */,
			);
			path = BranchrWidgetExtension;
			sourceTree = "<group>";
		};
		85CAD62B2EA86043001D59AD /* branchr-ios */ = {
			isa = PBXFileSystemSynchronizedRootGroup;
			path = "branchr-ios";
			sourceTree = "<group>";
		};
		85CAD63D2EA8604C001D59AD /* branchrTests */ = {
			isa = PBXFileSystemSynchronizedRootGroup;
			path = branchrTests;
			sourceTree = "<group>";
		};
		85CAD6472EA8604C001D59AD /* branchrUITests */ = {
			isa = PBXFileSystemSynchronizedRootGroup;
			path = branchrUITests;
			sourceTree = "<group>";
		};
		85CAD66F2EA86B31001D59AD /* App */ = {
			isa = PBXFileSystemSynchronizedRootGroup;
			path = App;
			sourceTree = "<group>";
		};
		85CAD6702EA86B3B001D59AD /* Models */ = {
			isa = PBXFileSystemSynchronizedRootGroup;
			path = Models;
			sourceTree = "<group>";
		};
		85CAD6712EA86B52001D59AD /* Services */ = {
			isa = PBXFileSystemSynchronizedRootGroup;
			path = Services;
			sourceTree = "<group>";
		};
		85CAD6722EA86B67001D59AD /* Utils */ = {
			isa = PBXFileSystemSynchronizedRootGroup;
			path = Utils;
			sourceTree = "<group>";
		};
		85CAD6732EA86B72001D59AD /* ViewModels */ = {
			isa = PBXFileSystemSynchronizedRootGroup;
			path = ViewModels;
			sourceTree = "<group>";
		};
		85CAD6742EA86B7C001D59AD /* Views */ = {
			isa = PBXFileSystemSynchronizedRootGroup;
			path = Views;
			sourceTree = "<group>";
		};
/* End PBXFileSystemSynchronizedRootGroup section */

/* Begin PBXFrameworksBuildPhase section */
		857365912EAC8E3500978438 /* Frameworks */ = {
			isa = PBXFrameworksBuildPhase;
			buildActionMask = 2147483647;
			files = (
				857365992EAC8E3B00978438 /* SwiftUI.framework in Frameworks */,
				857365972EAC8E3A00978438 /* WidgetKit.framework in Frameworks */,
			);
			runOnlyForDeploymentPostprocessing = 0;
		};
		85CAD6262EA86043001D59AD /* Frameworks */ = {
			isa = PBXFrameworksBuildPhase;
			buildActionMask = 2147483647;
			files = (
				85786DB62EBA0A4E00B1913B /* FirebaseCore in Frameworks */,
				85786DBA2EBA0A4E00B1913B /* FirebaseStorage in Frameworks */,
				85786DB42EBA0A4E00B1913B /* FirebaseAuth in Frameworks */,
				85786DB82EBA0A4E00B1913B /* FirebaseFirestore in Frameworks */,
			);
			runOnlyForDeploymentPostprocessing = 0;
		};
		85CAD6372EA8604C001D59AD /* Frameworks */ = {
			isa = PBXFrameworksBuildPhase;
			buildActionMask = 2147483647;
			files = (
			);
			runOnlyForDeploymentPostprocessing = 0;
		};
		85CAD6412EA8604C001D59AD /* Frameworks */ = {
			isa = PBXFrameworksBuildPhase;
			buildActionMask = 2147483647;
			files = (
			);
			runOnlyForDeploymentPostprocessing = 0;
		};
/* End PBXFrameworksBuildPhase section */

/* Begin PBXGroup section */
		857365952EAC8E3800978438 /* Frameworks */ = {
			isa = PBXGroup;
			children = (
				857365962EAC8E3800978438 /* WidgetKit.framework */,
				857365982EAC8E3B00978438 /* SwiftUI.framework */,
			);
			name = Frameworks;
			sourceTree = "<group>";
		};
		85CAD6202EA86042001D59AD = {
			isa = PBXGroup;
			children = (
				8556E90C2EBA23CE00205C50 /* GoogleService-Info-2.plist */,
				8519B9072EB2E2FA00BDF0E2 /* AuthKey_S8S2CSHCZ7.p8 */,
				8519B9022EB2ACB000BDF0E2 /* branchrDebug.entitlements */,
				85FBF33D2EAEF18700EE1D76 /* Info.plist */,
				857365B42EACC70A00978438 /* BranchrWidgetExtensionExtension.entitlements */,
				85CAD6752EA87101001D59AD /* branchrApp.swift */,
				85CAD6772EA8720D001D59AD /* Assets.xcassets */,
				85CAD62B2EA86043001D59AD /* branchr-ios */,
				85CAD63D2EA8604C001D59AD /* branchrTests */,
				85CAD6472EA8604C001D59AD /* branchrUITests */,
				8573659A2EAC8E3B00978438 /* BranchrWidgetExtension */,
				857365952EAC8E3800978438 /* Frameworks */,
				85CAD62A2EA86043001D59AD /* Products */,
				85CAD66F2EA86B31001D59AD /* App */,
				85CAD6702EA86B3B001D59AD /* Models */,
				85CAD6712EA86B52001D59AD /* Services */,
				85CAD6722EA86B67001D59AD /* Utils */,
				85CAD6732EA86B72001D59AD /* ViewModels */,
				85CAD6742EA86B7C001D59AD /* Views */,
			);
			sourceTree = "<group>";
		};
		85CAD62A2EA86043001D59AD /* Products */ = {
			isa = PBXGroup;
			children = (
				85CAD6292EA86043001D59AD /* branchr.app */,
				85CAD63A2EA8604C001D59AD /* branchrTests.xctest */,
				85CAD6442EA8604C001D59AD /* branchrUITests.xctest */,
				857365942EAC8E3600978438 /* BranchrWidgetExtensionExtension.appex */,
			);
			name = Products;
			sourceTree = "<group>";
		};
/* End PBXGroup section */

/* Begin PBXNativeTarget section */
		857365932EAC8E3500978438 /* BranchrWidgetExtensionExtension */ = {
			isa = PBXNativeTarget;
			buildConfigurationList = 857365AA2EAC8E5600978438 /* Build configuration list for PBXNativeTarget "BranchrWidgetExtensionExtension" */;
			buildPhases = (
				857365902EAC8E3500978438 /* Sources */,
				857365912EAC8E3500978438 /* Frameworks */,
				857365922EAC8E3500978438 /* Resources */,
			);
			buildRules = (
			);
			dependencies = (
			);
			fileSystemSynchronizedGroups = (
				8573659A2EAC8E3B00978438 /* BranchrWidgetExtension */,
			);
			name = BranchrWidgetExtensionExtension;
			packageProductDependencies = (
			);
			productName = BranchrWidgetExtensionExtension;
			productReference = 857365942EAC8E3600978438 /* BranchrWidgetExtensionExtension.appex */;
			productType = "com.apple.product-type.app-extension";
		};
		85CAD6282EA86043001D59AD /* branchr */ = {
			isa = PBXNativeTarget;
			buildConfigurationList = 85CAD64E2EA8604C001D59AD /* Build configuration list for PBXNativeTarget "branchr" */;
			buildPhases = (
				85CAD6252EA86043001D59AD /* Sources */,
				85CAD6262EA86043001D59AD /* Frameworks */,
				85CAD6272EA86043001D59AD /* Resources */,
				857365AD2EAC8E5600978438 /* Embed Foundation Extensions */,
			);
			buildRules = (
			);
			dependencies = (
				857365A72EAC8E5600978438 /* PBXTargetDependency */,
			);
			fileSystemSynchronizedGroups = (
				85CAD62B2EA86043001D59AD /* branchr-ios */,
				85CAD66F2EA86B31001D59AD /* App */,
				85CAD6702EA86B3B001D59AD /* Models */,
				85CAD6712EA86B52001D59AD /* Services */,
				85CAD6722EA86B67001D59AD /* Utils */,
				85CAD6732EA86B72001D59AD /* ViewModels */,
				85CAD6742EA86B7C001D59AD /* Views */,
			);
			name = branchr;
			packageProductDependencies = (
				85786DB32EBA0A4E00B1913B /* FirebaseAuth */,
				85786DB52EBA0A4E00B1913B /* FirebaseCore */,
				85786DB72EBA0A4E00B1913B /* FirebaseFirestore */,
				85786DB92EBA0A4E00B1913B /* FirebaseStorage */,
			);
			productName = branchr;
			productReference = 85CAD6292EA86043001D59AD /* branchr.app */;
			productType = "com.apple.product-type.application";
		};
		85CAD6392EA8604C001D59AD /* branchrTests */ = {
			isa = PBXNativeTarget;
			buildConfigurationList = 85CAD6512EA8604C001D59AD /* Build configuration list for PBXNativeTarget "branchrTests" */;
			buildPhases = (
				85CAD6362EA8604C001D59AD /* Sources */,
				85CAD6372EA8604C001D59AD /* Frameworks */,
				85CAD6382EA8604C001D59AD /* Resources */,
			);
			buildRules = (
			);
			dependencies = (
				85CAD63C2EA8604C001D59AD /* PBXTargetDependency */,
			);
			fileSystemSynchronizedGroups = (
				85CAD63D2EA8604C001D59AD /* branchrTests */,
			);
			name = branchrTests;
			packageProductDependencies = (
			);
			productName = branchrTests;
			productReference = 85CAD63A2EA8604C001D59AD /* branchrTests.xctest */;
			productType = "com.apple.product-type.bundle.unit-test";
		};
		85CAD6432EA8604C001D59AD /* branchrUITests */ = {
			isa = PBXNativeTarget;
			buildConfigurationList = 85CAD6542EA8604C001D59AD /* Build configuration list for PBXNativeTarget "branchrUITests" */;
			buildPhases = (
				85CAD6402EA8604C001D59AD /* Sources */,
				85CAD6412EA8604C001D59AD /* Frameworks */,
				85CAD6422EA8604C001D59AD /* Resources */,
			);
			buildRules = (
			);
			dependencies = (
				85CAD6462EA8604C001D59AD /* PBXTargetDependency */,
			);
			fileSystemSynchronizedGroups = (
				85CAD6472EA8604C001D59AD /* branchrUITests */,
			);
			name = branchrUITests;
			packageProductDependencies = (
			);
			productName = branchrUITests;
			productReference = 85CAD6442EA8604C001D59AD /* branchrUITests.xctest */;
			productType = "com.apple.product-type.bundle.ui-testing";
		};
/* End PBXNativeTarget section */

/* Begin PBXProject section */
		85CAD6212EA86042001D59AD /* Project object */ = {
			isa = PBXProject;
			attributes = {
				BuildIndependentTargetsInParallel = 1;
				LastSwiftUpdateCheck = 1620;
				LastUpgradeCheck = 1620;
				TargetAttributes = {
					857365932EAC8E3500978438 = {
						CreatedOnToolsVersion = 16.2;
					};
					85CAD6282EA86043001D59AD = {
						CreatedOnToolsVersion = 16.2;
						LastSwiftMigration = 1620;
					};
					85CAD6392EA8604C001D59AD = {
						CreatedOnToolsVersion = 16.2;
						TestTargetID = 85CAD6282EA86043001D59AD;
					};
					85CAD6432EA8604C001D59AD = {
						CreatedOnToolsVersion = 16.2;
						TestTargetID = 85CAD6282EA86043001D59AD;
					};
				};
			};
			buildConfigurationList = 85CAD6242EA86043001D59AD /* Build configuration list for PBXProject "branchr" */;
			developmentRegion = en;
			hasScannedForEncodings = 0;
			knownRegions = (
				en,
				Base,
			);
			mainGroup = 85CAD6202EA86042001D59AD;
			minimizedProjectReferenceProxies = 1;
			packageReferences = (
				85786DB22EBA0A4D00B1913B /* XCRemoteSwiftPackageReference "firebase-ios-sdk" */,
			);
			preferredProjectObjectVersion = 77;
			productRefGroup = 85CAD62A2EA86043001D59AD /* Products */;
			projectDirPath = "";
			projectRoot = "";
			targets = (
				85CAD6282EA86043001D59AD /* branchr */,
				85CAD6392EA8604C001D59AD /* branchrTests */,
				85CAD6432EA8604C001D59AD /* branchrUITests */,
				857365932EAC8E3500978438 /* BranchrWidgetExtensionExtension */,
			);
		};
/* End PBXProject section */

/* Begin PBXResourcesBuildPhase section */
		857365922EAC8E3500978438 /* Resources */ = {
			isa = PBXResourcesBuildPhase;
			buildActionMask = 2147483647;
			files = (
			);
			runOnlyForDeploymentPostprocessing = 0;
		};
		85CAD6272EA86043001D59AD /* Resources */ = {
			isa = PBXResourcesBuildPhase;
			buildActionMask = 2147483647;
			files = (
				8556E90D2EBA23CF00205C50 /* GoogleService-Info-2.plist in Resources */,
				85CAD6782EA87210001D59AD /* Assets.xcassets in Resources */,
				8519B9082EB2E2FA00BDF0E2 /* AuthKey_S8S2CSHCZ7.p8 in Resources */,
			);
			runOnlyForDeploymentPostprocessing = 0;
		};
		85CAD6382EA8604C001D59AD /* Resources */ = {
			isa = PBXResourcesBuildPhase;
			buildActionMask = 2147483647;
			files = (
			);
			runOnlyForDeploymentPostprocessing = 0;
		};
		85CAD6422EA8604C001D59AD /* Resources */ = {
			isa = PBXResourcesBuildPhase;
			buildActionMask = 2147483647;
			files = (
			);
			runOnlyForDeploymentPostprocessing = 0;
		};
/* End PBXResourcesBuildPhase section */

/* Begin PBXSourcesBuildPhase section */
		857365902EAC8E3500978438 /* Sources */ = {
			isa = PBXSourcesBuildPhase;
			buildActionMask = 2147483647;
			files = (
			);
			runOnlyForDeploymentPostprocessing = 0;
		};
		85CAD6252EA86043001D59AD /* Sources */ = {
			isa = PBXSourcesBuildPhase;
			buildActionMask = 2147483647;
			files = (
				85CAD6762EA87104001D59AD /* branchrApp.swift in Sources */,
			);
			runOnlyForDeploymentPostprocessing = 0;
		};
		85CAD6362EA8604C001D59AD /* Sources */ = {
			isa = PBXSourcesBuildPhase;
			buildActionMask = 2147483647;
			files = (
			);
			runOnlyForDeploymentPostprocessing = 0;
		};
		85CAD6402EA8604C001D59AD /* Sources */ = {
			isa = PBXSourcesBuildPhase;
			buildActionMask = 2147483647;
			files = (
			);
			runOnlyForDeploymentPostprocessing = 0;
		};
/* End PBXSourcesBuildPhase section */

/* Begin PBXTargetDependency section */
		857365A72EAC8E5600978438 /* PBXTargetDependency */ = {
			isa = PBXTargetDependency;
			target = 857365932EAC8E3500978438 /* BranchrWidgetExtensionExtension */;
			targetProxy = 857365A62EAC8E5600978438 /* PBXContainerItemProxy */;
		};
		85CAD63C2EA8604C001D59AD /* PBXTargetDependency */ = {
			isa = PBXTargetDependency;
			target = 85CAD6282EA86043001D59AD /* branchr */;
			targetProxy = 85CAD63B2EA8604C001D59AD /* PBXContainerItemProxy */;
		};
		85CAD6462EA8604C001D59AD /* PBXTargetDependency */ = {
			isa = PBXTargetDependency;
			target = 85CAD6282EA86043001D59AD /* branchr */;
			targetProxy = 85CAD6452EA8604C001D59AD /* PBXContainerItemProxy */;
		};
/* End PBXTargetDependency section */

/* Begin XCBuildConfiguration section */
		857365AB2EAC8E5600978438 /* Debug */ = {
			isa = XCBuildConfiguration;
			buildSettings = {
				ASSETCATALOG_COMPILER_GLOBAL_ACCENT_COLOR_NAME = AccentColor;
				ASSETCATALOG_COMPILER_WIDGET_BACKGROUND_COLOR_NAME = WidgetBackground;
				CODE_SIGN_ENTITLEMENTS = BranchrWidgetExtensionExtension.entitlements;
				CODE_SIGN_STYLE = Automatic;
				CURRENT_PROJECT_VERSION = 1;
				DEVELOPMENT_TEAM = 69Y49KN8KD;
				GENERATE_INFOPLIST_FILE = YES;
				INFOPLIST_FILE = BranchrWidgetExtension/Info.plist;
				INFOPLIST_KEY_CFBundleDisplayName = BranchrWidgetExtension;
				INFOPLIST_KEY_NSHumanReadableCopyright = "";
				IPHONEOS_DEPLOYMENT_TARGET = 18.2;
				LD_RUNPATH_SEARCH_PATHS = (
					"$(inherited)",
					"@executable_path/Frameworks",
					"@executable_path/../../Frameworks",
				);
				MARKETING_VERSION = 1.0;
				PRODUCT_BUNDLE_IDENTIFIER = com.joedormond.branchr2025.BranchrWidgetExtension;
				PRODUCT_NAME = "$(TARGET_NAME)";
				SDKROOT = iphoneos;
				SKIP_INSTALL = YES;
				SWIFT_EMIT_LOC_STRINGS = YES;
				SWIFT_VERSION = 5.0;
				TARGETED_DEVICE_FAMILY = "1,2";
			};
			name = Debug;
		};
		857365AC2EAC8E5600978438 /* Release */ = {
			isa = XCBuildConfiguration;
			buildSettings = {
				ASSETCATALOG_COMPILER_GLOBAL_ACCENT_COLOR_NAME = AccentColor;
				ASSETCATALOG_COMPILER_WIDGET_BACKGROUND_COLOR_NAME = WidgetBackground;
				CODE_SIGN_ENTITLEMENTS = BranchrWidgetExtensionExtension.entitlements;
				CODE_SIGN_STYLE = Automatic;
				CURRENT_PROJECT_VERSION = 1;
				DEVELOPMENT_TEAM = 69Y49KN8KD;
				GENERATE_INFOPLIST_FILE = YES;
				INFOPLIST_FILE = BranchrWidgetExtension/Info.plist;
				INFOPLIST_KEY_CFBundleDisplayName = BranchrWidgetExtension;
				INFOPLIST_KEY_NSHumanReadableCopyright = "";
				IPHONEOS_DEPLOYMENT_TARGET = 18.2;
				LD_RUNPATH_SEARCH_PATHS = (
					"$(inherited)",
					"@executable_path/Frameworks",
					"@executable_path/../../Frameworks",
				);
				MARKETING_VERSION = 1.0;
				PRODUCT_BUNDLE_IDENTIFIER = com.joedormond.branchr2025.BranchrWidgetExtension;
				PRODUCT_NAME = "$(TARGET_NAME)";
				SDKROOT = iphoneos;
				SKIP_INSTALL = YES;
				SWIFT_EMIT_LOC_STRINGS = YES;
				SWIFT_VERSION = 5.0;
				TARGETED_DEVICE_FAMILY = "1,2";
				VALIDATE_PRODUCT = YES;
			};
			name = Release;
		};
		85CAD64C2EA8604C001D59AD /* Debug */ = {
			isa = XCBuildConfiguration;
			buildSettings = {
				ALWAYS_SEARCH_USER_PATHS = NO;
				ASSETCATALOG_COMPILER_GENERATE_SWIFT_ASSET_SYMBOL_EXTENSIONS = YES;
				CLANG_ANALYZER_NONNULL = YES;
				CLANG_ANALYZER_NUMBER_OBJECT_CONVERSION = YES_AGGRESSIVE;
				CLANG_CXX_LANGUAGE_STANDARD = "gnu++20";
				CLANG_ENABLE_MODULES = YES;
				CLANG_ENABLE_OBJC_ARC = YES;
				CLANG_ENABLE_OBJC_WEAK = YES;
				CLANG_WARN_BLOCK_CAPTURE_AUTORELEASING = YES;
				CLANG_WARN_BOOL_CONVERSION = YES;
				CLANG_WARN_COMMA = YES;
				CLANG_WARN_CONSTANT_CONVERSION = YES;
				CLANG_WARN_DEPRECATED_OBJC_IMPLEMENTATIONS = YES;
				CLANG_WARN_DIRECT_OBJC_ISA_USAGE = YES_ERROR;
				CLANG_WARN_DOCUMENTATION_COMMENTS = YES;
				CLANG_WARN_EMPTY_BODY = YES;
				CLANG_WARN_ENUM_CONVERSION = YES;
				CLANG_WARN_INFINITE_RECURSION = YES;
				CLANG_WARN_INT_CONVERSION = YES;
				CLANG_WARN_NON_LITERAL_NULL_CONVERSION = YES;
				CLANG_WARN_OBJC_IMPLICIT_RETAIN_SELF = YES;
				CLANG_WARN_OBJC_LITERAL_CONVERSION = YES;
				CLANG_WARN_OBJC_ROOT_CLASS = YES_ERROR;
				CLANG_WARN_QUOTED_INCLUDE_IN_FRAMEWORK_HEADER = YES;
				CLANG_WARN_RANGE_LOOP_ANALYSIS = YES;
				CLANG_WARN_STRICT_PROTOTYPES = YES;
				CLANG_WARN_SUSPICIOUS_MOVE = YES;
				CLANG_WARN_UNGUARDED_AVAILABILITY = YES_AGGRESSIVE;
				CLANG_WARN_UNREACHABLE_CODE = YES;
				CLANG_WARN__DUPLICATE_METHOD_MATCH = YES;
				COPY_PHASE_STRIP = NO;
				DEBUG_INFORMATION_FORMAT = dwarf;
				ENABLE_STRICT_OBJC_MSGSEND = YES;
				ENABLE_TESTABILITY = YES;
				ENABLE_USER_SCRIPT_SANDBOXING = YES;
				GCC_C_LANGUAGE_STANDARD = gnu17;
				GCC_DYNAMIC_NO_PIC = NO;
				GCC_NO_COMMON_BLOCKS = YES;
				GCC_OPTIMIZATION_LEVEL = 0;
				GCC_PREPROCESSOR_DEFINITIONS = (
					"DEBUG=1",
					"$(inherited)",
				);
				GCC_WARN_64_TO_32_BIT_CONVERSION = YES;
				GCC_WARN_ABOUT_RETURN_TYPE = YES_ERROR;
				GCC_WARN_UNDECLARED_SELECTOR = YES;
				GCC_WARN_UNINITIALIZED_AUTOS = YES_AGGRESSIVE;
				GCC_WARN_UNUSED_FUNCTION = YES;
				GCC_WARN_UNUSED_VARIABLE = YES;
				LOCALIZATION_PREFERS_STRING_CATALOGS = YES;
				MTL_ENABLE_DEBUG_INFO = INCLUDE_SOURCE;
				MTL_FAST_MATH = YES;
				ONLY_ACTIVE_ARCH = YES;
				SWIFT_ACTIVE_COMPILATION_CONDITIONS = "DEBUG $(inherited)";
				SWIFT_OPTIMIZATION_LEVEL = "-Onone";
			};
			name = Debug;
		};
		85CAD64D2EA8604C001D59AD /* Release */ = {
			isa = XCBuildConfiguration;
			buildSettings = {
				ALWAYS_SEARCH_USER_PATHS = NO;
				ASSETCATALOG_COMPILER_GENERATE_SWIFT_ASSET_SYMBOL_EXTENSIONS = YES;
				CLANG_ANALYZER_NONNULL = YES;
				CLANG_ANALYZER_NUMBER_OBJECT_CONVERSION = YES_AGGRESSIVE;
				CLANG_CXX_LANGUAGE_STANDARD = "gnu++20";
				CLANG_ENABLE_MODULES = YES;
				CLANG_ENABLE_OBJC_ARC = YES;
				CLANG_ENABLE_OBJC_WEAK = YES;
				CLANG_WARN_BLOCK_CAPTURE_AUTORELEASING = YES;
				CLANG_WARN_BOOL_CONVERSION = YES;
				CLANG_WARN_COMMA = YES;
				CLANG_WARN_CONSTANT_CONVERSION = YES;
				CLANG_WARN_DEPRECATED_OBJC_IMPLEMENTATIONS = YES;
				CLANG_WARN_DIRECT_OBJC_ISA_USAGE = YES_ERROR;
				CLANG_WARN_DOCUMENTATION_COMMENTS = YES;
				CLANG_WARN_EMPTY_BODY = YES;
				CLANG_WARN_ENUM_CONVERSION = YES;
				CLANG_WARN_INFINITE_RECURSION = YES;
				CLANG_WARN_INT_CONVERSION = YES;
				CLANG_WARN_NON_LITERAL_NULL_CONVERSION = YES;
				CLANG_WARN_OBJC_IMPLICIT_RETAIN_SELF = YES;
				CLANG_WARN_OBJC_LITERAL_CONVERSION = YES;
				CLANG_WARN_OBJC_ROOT_CLASS = YES_ERROR;
				CLANG_WARN_QUOTED_INCLUDE_IN_FRAMEWORK_HEADER = YES;
				CLANG_WARN_RANGE_LOOP_ANALYSIS = YES;
				CLANG_WARN_STRICT_PROTOTYPES = YES;
				CLANG_WARN_SUSPICIOUS_MOVE = YES;
				CLANG_WARN_UNGUARDED_AVAILABILITY = YES_AGGRESSIVE;
				CLANG_WARN_UNREACHABLE_CODE = YES;
				CLANG_WARN__DUPLICATE_METHOD_MATCH = YES;
				COPY_PHASE_STRIP = NO;
				DEBUG_INFORMATION_FORMAT = "dwarf-with-dsym";
				ENABLE_NS_ASSERTIONS = NO;
				ENABLE_STRICT_OBJC_MSGSEND = YES;
				ENABLE_USER_SCRIPT_SANDBOXING = YES;
				GCC_C_LANGUAGE_STANDARD = gnu17;
				GCC_NO_COMMON_BLOCKS = YES;
				GCC_WARN_64_TO_32_BIT_CONVERSION = YES;
				GCC_WARN_ABOUT_RETURN_TYPE = YES_ERROR;
				GCC_WARN_UNDECLARED_SELECTOR = YES;
				GCC_WARN_UNINITIALIZED_AUTOS = YES_AGGRESSIVE;
				GCC_WARN_UNUSED_FUNCTION = YES;
				GCC_WARN_UNUSED_VARIABLE = YES;
				LOCALIZATION_PREFERS_STRING_CATALOGS = YES;
				MTL_ENABLE_DEBUG_INFO = NO;
				MTL_FAST_MATH = YES;
				SWIFT_COMPILATION_MODE = wholemodule;
			};
			name = Release;
		};
		85CAD64F2EA8604C001D59AD /* Debug */ = {
			isa = XCBuildConfiguration;
			buildSettings = {
				ASSETCATALOG_COMPILER_APPICON_NAME = AppIcon;
				ASSETCATALOG_COMPILER_GLOBAL_ACCENT_COLOR_NAME = AccentColor;
				CLANG_ENABLE_MODULES = YES;
				CODE_SIGN_ENTITLEMENTS = branchr/branchrDebug.entitlements;
				CODE_SIGN_IDENTITY = "Apple Development";
				CODE_SIGN_STYLE = Automatic;
				CURRENT_PROJECT_VERSION = 1;
				DEVELOPMENT_ASSET_PATHS = "\"branchr/Preview Content\"";
				DEVELOPMENT_TEAM = 69Y49KN8KD;
				ENABLE_HARDENED_RUNTIME = YES;
				ENABLE_PREVIEWS = YES;
				GENERATE_INFOPLIST_FILE = YES;
				INFOPLIST_FILE = branchr/Info.plist;
				INFOPLIST_KEY_LSApplicationCategoryType = "public.app-category.social-networking";
				INFOPLIST_KEY_NSAppleMusicUsageDescription = "Branchr requires access to Apple Music for DJ playback and interactive audio experiences.";
				INFOPLIST_KEY_NSBluetoothAlwaysUsageDescription = "Branchr uses Bluetooth to connect with nearby riders for voice chat and music sync.";
				INFOPLIST_KEY_NSBluetoothPeripheralUsageDescription = "Branchr connects to nearby devices for voice chat and synchronized riding experiences.";
				INFOPLIST_KEY_NSLocalNetworkUsageDescription = "Branchr uses local network to discover and connect with nearby riders.";
				INFOPLIST_KEY_NSLocationAlwaysAndWhenInUseUsageDescription = "Branchr needs your location to track your rides in the background and provide continuous ride tracking.";
				INFOPLIST_KEY_NSLocationWhenInUseUsageDescription = "Branchr needs your location to track your rides and connect with nearby riders.";
				INFOPLIST_KEY_NSMicrophoneUsageDescription = "Branchr needs microphone access for live voice chat with nearby riders and voice commands.";
				INFOPLIST_KEY_NSMotionUsageDescription = "Branchr uses motion data to enable safe, hands-free gesture controls while riding.";
				INFOPLIST_KEY_NSSpeechRecognitionUsageDescription = "Branchr uses voice recognition for hands-free ride commands like \"pause tracking\" and \"resume ride\".";
				"INFOPLIST_KEY_UIApplicationSceneManifest_Generation[sdk=iphoneos*]" = YES;
				"INFOPLIST_KEY_UIApplicationSceneManifest_Generation[sdk=iphonesimulator*]" = YES;
				"INFOPLIST_KEY_UIApplicationSupportsIndirectInputEvents[sdk=iphoneos*]" = YES;
				"INFOPLIST_KEY_UIApplicationSupportsIndirectInputEvents[sdk=iphonesimulator*]" = YES;
				"INFOPLIST_KEY_UILaunchScreen_Generation[sdk=iphoneos*]" = YES;
				"INFOPLIST_KEY_UILaunchScreen_Generation[sdk=iphonesimulator*]" = YES;
				"INFOPLIST_KEY_UIStatusBarStyle[sdk=iphoneos*]" = UIStatusBarStyleDefault;
				"INFOPLIST_KEY_UIStatusBarStyle[sdk=iphonesimulator*]" = UIStatusBarStyleDefault;
				INFOPLIST_KEY_UISupportedInterfaceOrientations = "UIInterfaceOrientationLandscapeLeft UIInterfaceOrientationLandscapeRight UIInterfaceOrientationPortrait";
				INFOPLIST_KEY_UISupportedInterfaceOrientations_iPad = "UIInterfaceOrientationLandscapeLeft UIInterfaceOrientationLandscapeRight UIInterfaceOrientationPortrait UIInterfaceOrientationPortraitUpsideDown";
				IPHONEOS_DEPLOYMENT_TARGET = 18.2;
				LD_RUNPATH_SEARCH_PATHS = "@executable_path/Frameworks";
				"LD_RUNPATH_SEARCH_PATHS[sdk=macosx*]" = "@executable_path/../Frameworks";
				MACOSX_DEPLOYMENT_TARGET = 15.2;
				MARKETING_VERSION = 1.0;
				PRODUCT_BUNDLE_IDENTIFIER = com.joedormond.branchr2025;
				PRODUCT_NAME = "$(TARGET_NAME)";
				PROVISIONING_PROFILE_SPECIFIER = "";
				SDKROOT = auto;
				SUPPORTED_PLATFORMS = "iphoneos iphonesimulator";
				SUPPORTS_MACCATALYST = NO;
				SWIFT_EMIT_LOC_STRINGS = YES;
				SWIFT_OPTIMIZATION_LEVEL = "-Onone";
				SWIFT_VERSION = 5.0;
				TARGETED_DEVICE_FAMILY = "1,2";
				XROS_DEPLOYMENT_TARGET = 2.2;
			};
			name = Debug;
		};
		85CAD6502EA8604C001D59AD /* Release */ = {
			isa = XCBuildConfiguration;
			buildSettings = {
				ASSETCATALOG_COMPILER_APPICON_NAME = AppIcon;
				ASSETCATALOG_COMPILER_GLOBAL_ACCENT_COLOR_NAME = AccentColor;
				CLANG_ENABLE_MODULES = YES;
				CODE_SIGN_ENTITLEMENTS = branchr/branchr.entitlements;
				CODE_SIGN_IDENTITY = "Apple Development";
				CODE_SIGN_STYLE = Automatic;
				CURRENT_PROJECT_VERSION = 1;
				DEVELOPMENT_ASSET_PATHS = "\"branchr/Preview Content\"";
				DEVELOPMENT_TEAM = 69Y49KN8KD;
				ENABLE_HARDENED_RUNTIME = YES;
				ENABLE_PREVIEWS = YES;
				GENERATE_INFOPLIST_FILE = YES;
				INFOPLIST_FILE = branchr/Info.plist;
				INFOPLIST_KEY_LSApplicationCategoryType = "public.app-category.social-networking";
				INFOPLIST_KEY_NSAppleMusicUsageDescription = "Branchr requires access to Apple Music for DJ playback and interactive audio experiences.";
				INFOPLIST_KEY_NSBluetoothAlwaysUsageDescription = "Branchr uses Bluetooth to connect with nearby riders for voice chat and music sync.";
				INFOPLIST_KEY_NSBluetoothPeripheralUsageDescription = "Branchr connects to nearby devices for voice chat and synchronized riding experiences.";
				INFOPLIST_KEY_NSLocalNetworkUsageDescription = "Branchr uses local network to discover and connect with nearby riders.";
				INFOPLIST_KEY_NSLocationAlwaysAndWhenInUseUsageDescription = "Branchr needs your location to track your rides in the background and provide continuous ride tracking.";
				INFOPLIST_KEY_NSLocationWhenInUseUsageDescription = "Branchr needs your location to track your rides and connect with nearby riders.";
				INFOPLIST_KEY_NSMicrophoneUsageDescription = "Branchr needs microphone access for live voice chat with nearby riders and voice commands.";
				INFOPLIST_KEY_NSMotionUsageDescription = "Branchr uses motion data to enable safe, hands-free gesture controls while riding.";
				INFOPLIST_KEY_NSSpeechRecognitionUsageDescription = "Branchr uses voice recognition for hands-free ride commands like \"pause tracking\" and \"resume ride\".";
				"INFOPLIST_KEY_UIApplicationSceneManifest_Generation[sdk=iphoneos*]" = YES;
				"INFOPLIST_KEY_UIApplicationSceneManifest_Generation[sdk=iphonesimulator*]" = YES;
				"INFOPLIST_KEY_UIApplicationSupportsIndirectInputEvents[sdk=iphoneos*]" = YES;
				"INFOPLIST_KEY_UIApplicationSupportsIndirectInputEvents[sdk=iphonesimulator*]" = YES;
				"INFOPLIST_KEY_UILaunchScreen_Generation[sdk=iphoneos*]" = YES;
				"INFOPLIST_KEY_UILaunchScreen_Generation[sdk=iphonesimulator*]" = YES;
				"INFOPLIST_KEY_UIStatusBarStyle[sdk=iphoneos*]" = UIStatusBarStyleDefault;
				"INFOPLIST_KEY_UIStatusBarStyle[sdk=iphonesimulator*]" = UIStatusBarStyleDefault;
				INFOPLIST_KEY_UISupportedInterfaceOrientations = "UIInterfaceOrientationLandscapeLeft UIInterfaceOrientationLandscapeRight UIInterfaceOrientationPortrait";
				INFOPLIST_KEY_UISupportedInterfaceOrientations_iPad = "UIInterfaceOrientationLandscapeLeft UIInterfaceOrientationLandscapeRight UIInterfaceOrientationPortrait UIInterfaceOrientationPortraitUpsideDown";
				IPHONEOS_DEPLOYMENT_TARGET = 18.2;
				LD_RUNPATH_SEARCH_PATHS = "@executable_path/Frameworks";
				"LD_RUNPATH_SEARCH_PATHS[sdk=macosx*]" = "@executable_path/../Frameworks";
				MACOSX_DEPLOYMENT_TARGET = 15.2;
				MARKETING_VERSION = 1.0;
				PRODUCT_BUNDLE_IDENTIFIER = com.joedormond.branchr2025;
				PRODUCT_NAME = "$(TARGET_NAME)";
				PROVISIONING_PROFILE_SPECIFIER = "";
				SDKROOT = auto;
				SUPPORTED_PLATFORMS = "iphoneos iphonesimulator";
				SUPPORTS_MACCATALYST = NO;
				SWIFT_EMIT_LOC_STRINGS = YES;
				SWIFT_VERSION = 5.0;
				TARGETED_DEVICE_FAMILY = "1,2";
				XROS_DEPLOYMENT_TARGET = 2.2;
			};
			name = Release;
		};
		85CAD6522EA8604C001D59AD /* Debug */ = {
			isa = XCBuildConfiguration;
			buildSettings = {
				BUNDLE_LOADER = "$(TEST_HOST)";
				CODE_SIGN_STYLE = Manual;
				CURRENT_PROJECT_VERSION = 1;
				DEVELOPMENT_TEAM = "";
				"DEVELOPMENT_TEAM[sdk=iphoneos*]" = 69Y49KN8KD;
				"DEVELOPMENT_TEAM[sdk=xros*]" = 69Y49KN8KD;
				GENERATE_INFOPLIST_FILE = YES;
				IPHONEOS_DEPLOYMENT_TARGET = 18.2;
				MACOSX_DEPLOYMENT_TARGET = 15.2;
				MARKETING_VERSION = 1.0;
				PRODUCT_BUNDLE_IDENTIFIER = com.joedormond.branchrTests;
				PRODUCT_NAME = "$(TARGET_NAME)";
				PROVISIONING_PROFILE_SPECIFIER = "";
				SDKROOT = auto;
				SUPPORTED_PLATFORMS = "iphoneos iphonesimulator macosx xros xrsimulator";
				SWIFT_EMIT_LOC_STRINGS = NO;
				SWIFT_VERSION = 5.0;
				TARGETED_DEVICE_FAMILY = "1,2,7";
				TEST_HOST = "$(BUILT_PRODUCTS_DIR)/branchr.app/$(BUNDLE_EXECUTABLE_FOLDER_PATH)/branchr";
				XROS_DEPLOYMENT_TARGET = 2.2;
			};
			name = Debug;
		};
		85CAD6532EA8604C001D59AD /* Release */ = {
			isa = XCBuildConfiguration;
			buildSettings = {
				BUNDLE_LOADER = "$(TEST_HOST)";
				CODE_SIGN_STYLE = Manual;
				CURRENT_PROJECT_VERSION = 1;
				DEVELOPMENT_TEAM = "";
				"DEVELOPMENT_TEAM[sdk=iphoneos*]" = 69Y49KN8KD;
				"DEVELOPMENT_TEAM[sdk=xros*]" = 69Y49KN8KD;
				GENERATE_INFOPLIST_FILE = YES;
				IPHONEOS_DEPLOYMENT_TARGET = 18.2;
				MACOSX_DEPLOYMENT_TARGET = 15.2;
				MARKETING_VERSION = 1.0;
				PRODUCT_BUNDLE_IDENTIFIER = com.joedormond.branchrTests;
				PRODUCT_NAME = "$(TARGET_NAME)";
				PROVISIONING_PROFILE_SPECIFIER = "";
				SDKROOT = auto;
				SUPPORTED_PLATFORMS = "iphoneos iphonesimulator macosx xros xrsimulator";
				SWIFT_EMIT_LOC_STRINGS = NO;
				SWIFT_VERSION = 5.0;
				TARGETED_DEVICE_FAMILY = "1,2,7";
				TEST_HOST = "$(BUILT_PRODUCTS_DIR)/branchr.app/$(BUNDLE_EXECUTABLE_FOLDER_PATH)/branchr";
				XROS_DEPLOYMENT_TARGET = 2.2;
			};
			name = Release;
		};
		85CAD6552EA8604C001D59AD /* Debug */ = {
			isa = XCBuildConfiguration;
			buildSettings = {
				CODE_SIGN_STYLE = Automatic;
				CURRENT_PROJECT_VERSION = 1;
				DEVELOPMENT_TEAM = 69Y49KN8KD;
				GENERATE_INFOPLIST_FILE = YES;
				IPHONEOS_DEPLOYMENT_TARGET = 18.2;
				MACOSX_DEPLOYMENT_TARGET = 15.2;
				MARKETING_VERSION = 1.0;
				PRODUCT_BUNDLE_IDENTIFIER = com.joedormond.branchrUITests;
				PRODUCT_NAME = "$(TARGET_NAME)";
				SDKROOT = auto;
				SUPPORTED_PLATFORMS = "iphoneos iphonesimulator macosx xros xrsimulator";
				SWIFT_EMIT_LOC_STRINGS = NO;
				SWIFT_VERSION = 5.0;
				TARGETED_DEVICE_FAMILY = "1,2,7";
				TEST_TARGET_NAME = branchr;
				XROS_DEPLOYMENT_TARGET = 2.2;
			};
			name = Debug;
		};
		85CAD6562EA8604C001D59AD /* Release */ = {
			isa = XCBuildConfiguration;
			buildSettings = {
				CODE_SIGN_STYLE = Automatic;
				CURRENT_PROJECT_VERSION = 1;
				DEVELOPMENT_TEAM = 69Y49KN8KD;
				GENERATE_INFOPLIST_FILE = YES;
				IPHONEOS_DEPLOYMENT_TARGET = 18.2;
				MACOSX_DEPLOYMENT_TARGET = 15.2;
				MARKETING_VERSION = 1.0;
				PRODUCT_BUNDLE_IDENTIFIER = com.joedormond.branchrUITests;
				PRODUCT_NAME = "$(TARGET_NAME)";
				SDKROOT = auto;
				SUPPORTED_PLATFORMS = "iphoneos iphonesimulator macosx xros xrsimulator";
				SWIFT_EMIT_LOC_STRINGS = NO;
				SWIFT_VERSION = 5.0;
				TARGETED_DEVICE_FAMILY = "1,2,7";
				TEST_TARGET_NAME = branchr;
				XROS_DEPLOYMENT_TARGET = 2.2;
			};
			name = Release;
		};
/* End XCBuildConfiguration section */

/* Begin XCConfigurationList section */
		857365AA2EAC8E5600978438 /* Build configuration list for PBXNativeTarget "BranchrWidgetExtensionExtension" */ = {
			isa = XCConfigurationList;
			buildConfigurations = (
				857365AB2EAC8E5600978438 /* Debug */,
				857365AC2EAC8E5600978438 /* Release */,
			);
			defaultConfigurationIsVisible = 0;
			defaultConfigurationName = Release;
		};
		85CAD6242EA86043001D59AD /* Build configuration list for PBXProject "branchr" */ = {
			isa = XCConfigurationList;
			buildConfigurations = (
				85CAD64C2EA8604C001D59AD /* Debug */,
				85CAD64D2EA8604C001D59AD /* Release */,
			);
			defaultConfigurationIsVisible = 0;
			defaultConfigurationName = Release;
		};
		85CAD64E2EA8604C001D59AD /* Build configuration list for PBXNativeTarget "branchr" */ = {
			isa = XCConfigurationList;
			buildConfigurations = (
				85CAD64F2EA8604C001D59AD /* Debug */,
				85CAD6502EA8604C001D59AD /* Release */,
			);
			defaultConfigurationIsVisible = 0;
			defaultConfigurationName = Release;
		};
		85CAD6512EA8604C001D59AD /* Build configuration list for PBXNativeTarget "branchrTests" */ = {
			isa = XCConfigurationList;
			buildConfigurations = (
				85CAD6522EA8604C001D59AD /* Debug */,
				85CAD6532EA8604C001D59AD /* Release */,
			);
			defaultConfigurationIsVisible = 0;
			defaultConfigurationName = Release;
		};
		85CAD6542EA8604C001D59AD /* Build configuration list for PBXNativeTarget "branchrUITests" */ = {
			isa = XCConfigurationList;
			buildConfigurations = (
				85CAD6552EA8604C001D59AD /* Debug */,
				85CAD6562EA8604C001D59AD /* Release */,
			);
			defaultConfigurationIsVisible = 0;
			defaultConfigurationName = Release;
		};
/* End XCConfigurationList section */

/* Begin XCRemoteSwiftPackageReference section */
		85786DB22EBA0A4D00B1913B /* XCRemoteSwiftPackageReference "firebase-ios-sdk" */ = {
			isa = XCRemoteSwiftPackageReference;
			repositoryURL = "https://github.com/firebase/firebase-ios-sdk";
			requirement = {
				kind = upToNextMajorVersion;
				minimumVersion = 12.5.0;
			};
		};
/* End XCRemoteSwiftPackageReference section */

/* Begin XCSwiftPackageProductDependency section */
		85786DB32EBA0A4E00B1913B /* FirebaseAuth */ = {
			isa = XCSwiftPackageProductDependency;
			package = 85786DB22EBA0A4D00B1913B /* XCRemoteSwiftPackageReference "firebase-ios-sdk" */;
			productName = FirebaseAuth;
		};
		85786DB52EBA0A4E00B1913B /* FirebaseCore */ = {
			isa = XCSwiftPackageProductDependency;
			package = 85786DB22EBA0A4D00B1913B /* XCRemoteSwiftPackageReference "firebase-ios-sdk" */;
			productName = FirebaseCore;
		};
		85786DB72EBA0A4E00B1913B /* FirebaseFirestore */ = {
			isa = XCSwiftPackageProductDependency;
			package = 85786DB22EBA0A4D00B1913B /* XCRemoteSwiftPackageReference "firebase-ios-sdk" */;
			productName = FirebaseFirestore;
		};
		85786DB92EBA0A4E00B1913B /* FirebaseStorage */ = {
			isa = XCSwiftPackageProductDependency;
			package = 85786DB22EBA0A4D00B1913B /* XCRemoteSwiftPackageReference "firebase-ios-sdk" */;
			productName = FirebaseStorage;
		};
/* End XCSwiftPackageProductDependency section */
	};
	rootObject = 85CAD6212EA86042001D59AD /* Project object */;
}
